{
  "originHash" : "5fdf8782a28dd6c80679fae08c5d6c95677f6b21aa19a5f5db77c8b086d9b256",
  "pins" : [
    {
      "identity" : "xctest-dynamic-overlay",
      "kind" : "remoteSourceControl",
      "location" : "https://github.com/pointfreeco/xctest-dynamic-overlay",
      "state" : {
        "revision" : "27d767d643fa2cf083d0a73d74fa84cacb53e85c",
        "version" : "1.4.1"
      }
    }
  ],
  "version" : 3
}
